
Microsoft Visual Studio Solution File, Format Version 12.00
# Visual Studio Version 16
VisualStudioVersion = 16.0.31605.320
MinimumVisualStudioVersion = 10.0.40219.1
Project("{FAE04EC0-301F-11D3-BF4B-00C04F79EFBC}") = "HWusingDbInProject", "HWusingDbInProject\HWusingDbInProject.csproj", "{BA4CB6ED-2F3A-473B-9823-F7C97BAD0CA6}"
EndProject
Global
	GlobalSection(SolutionConfigurationPlatforms) = preSolution
		Debug|Any CPU = Debug|Any CPU
		Release|Any CPU = Release|Any CPU
	EndGlobalSection
	GlobalSection(ProjectConfigurationPlatforms) = postSolution
		{BA4CB6ED-2F3A-473B-9823-F7C97BAD0CA6}.Debug|Any CPU.ActiveCfg = Debug|Any CPU
		{BA4CB6ED-2F3A-473B-9823-F7C97BAD0CA6}.Debug|Any CPU.Build.0 = Debug|Any CPU
		{BA4CB6ED-2F3A-473B-9823-F7C97BAD0CA6}.Release|Any CPU.ActiveCfg = Release|Any CPU
		{BA4CB6ED-2F3A-473B-9823-F7C97BAD0CA6}.Release|Any CPU.Build.0 = Release|Any CPU
	EndGlobalSection
	GlobalSection(SolutionProperties) = preSolution
		HideSolutionNode = FALSE
	EndGlobalSection
	GlobalSection(ExtensibilityGlobals) = postSolution
		SolutionGuid = {0EDBE8B1-1645-403F-B80E-5DB79E4E51D7}
	EndGlobalSection
EndGlobal
